// !$*UTF8*$!
{
	archiveVersion = 1;
	classes = {
	};
	objectVersion = 56;
	objects = {

/* Begin PBXBuildFile section */
		41115ACF2A0542D700F6295C /* Stories.swift in Sources */ = {isa = PBXBuildFile; fileRef = 41115ACE2A0542D700F6295C /* Stories.swift */; };
		41115AD32A05471D00F6295C /* StoryCollectionViewCell.swift in Sources */ = {isa = PBXBuildFile; fileRef = 41115AD22A05471D00F6295C /* StoryCollectionViewCell.swift */; };
		41115AD52A05474700F6295C /* StoryCollectionViewCellScreen.swift in Sources */ = {isa = PBXBuildFile; fileRef = 41115AD42A05474700F6295C /* StoryCollectionViewCellScreen.swift */; };
		41D127DD29F008EF00B5B7C0 /* AppDelegate.swift in Sources */ = {isa = PBXBuildFile; fileRef = 41D127DC29F008EF00B5B7C0 /* AppDelegate.swift */; };
		41D127DF29F008EF00B5B7C0 /* SceneDelegate.swift in Sources */ = {isa = PBXBuildFile; fileRef = 41D127DE29F008EF00B5B7C0 /* SceneDelegate.swift */; };
		41D127E129F008EF00B5B7C0 /* HomeViewController.swift in Sources */ = {isa = PBXBuildFile; fileRef = 41D127E029F008EF00B5B7C0 /* HomeViewController.swift */; };
		41D127E629F008F000B5B7C0 /* Assets.xcassets in Resources */ = {isa = PBXBuildFile; fileRef = 41D127E529F008F000B5B7C0 /* Assets.xcassets */; };
		41D127E929F008F000B5B7C0 /* LaunchScreen.storyboard in Resources */ = {isa = PBXBuildFile; fileRef = 41D127E729F008F000B5B7C0 /* LaunchScreen.storyboard */; };
		41D1281429F00B1700B5B7C0 /* HomeScreen.swift in Sources */ = {isa = PBXBuildFile; fileRef = 41D1281329F00B1700B5B7C0 /* HomeScreen.swift */; };
		41D1281729F00D4C00B5B7C0 /* UIView + Extension.swift in Sources */ = {isa = PBXBuildFile; fileRef = 41D1281629F00D4C00B5B7C0 /* UIView + Extension.swift */; };
		41D1281929F00E8B00B5B7C0 /* UIColor + Extension.swift in Sources */ = {isa = PBXBuildFile; fileRef = 41D1281829F00E8B00B5B7C0 /* UIColor + Extension.swift */; };
		41D1281B29F0229C00B5B7C0 /* HomeViewModel.swift in Sources */ = {isa = PBXBuildFile; fileRef = 41D1281A29F0229C00B5B7C0 /* HomeViewModel.swift */; };
		41D1282129F02EB600B5B7C0 /* StoryCardCollectionViewCell.swift in Sources */ = {isa = PBXBuildFile; fileRef = 41D1282029F02EB600B5B7C0 /* StoryCardCollectionViewCell.swift */; };
		41D1282329F02F0000B5B7C0 /* StoryCardColletctionViewCellScreen.swift in Sources */ = {isa = PBXBuildFile; fileRef = 41D1282229F02F0000B5B7C0 /* StoryCardColletctionViewCellScreen.swift */; };
		41D1282529F03C2F00B5B7C0 /* StoryCardViewModel.swift in Sources */ = {isa = PBXBuildFile; fileRef = 41D1282429F03C2F00B5B7C0 /* StoryCardViewModel.swift */; };
/* End PBXBuildFile section */

/* Begin PBXFileReference section */
		41115ACE2A0542D700F6295C /* Stories.swift */ = {isa = PBXFileReference; lastKnownFileType = sourcecode.swift; path = Stories.swift; sourceTree = "<group>"; };
		41115AD22A05471D00F6295C /* StoryCollectionViewCell.swift */ = {isa = PBXFileReference; lastKnownFileType = sourcecode.swift; path = StoryCollectionViewCell.swift; sourceTree = "<group>"; };
		41115AD42A05474700F6295C /* StoryCollectionViewCellScreen.swift */ = {isa = PBXFileReference; lastKnownFileType = sourcecode.swift; path = StoryCollectionViewCellScreen.swift; sourceTree = "<group>"; };
		41D127D929F008EF00B5B7C0 /* AppMvvm.app */ = {isa = PBXFileReference; explicitFileType = wrapper.application; includeInIndex = 0; path = AppMvvm.app; sourceTree = BUILT_PRODUCTS_DIR; };
		41D127DC29F008EF00B5B7C0 /* AppDelegate.swift */ = {isa = PBXFileReference; lastKnownFileType = sourcecode.swift; path = AppDelegate.swift; sourceTree = "<group>"; };
		41D127DE29F008EF00B5B7C0 /* SceneDelegate.swift */ = {isa = PBXFileReference; lastKnownFileType = sourcecode.swift; path = SceneDelegate.swift; sourceTree = "<group>"; };
		41D127E029F008EF00B5B7C0 /* HomeViewController.swift */ = {isa = PBXFileReference; lastKnownFileType = sourcecode.swift; path = HomeViewController.swift; sourceTree = "<group>"; };
		41D127E529F008F000B5B7C0 /* Assets.xcassets */ = {isa = PBXFileReference; lastKnownFileType = folder.assetcatalog; path = Assets.xcassets; sourceTree = "<group>"; };
		41D127E829F008F000B5B7C0 /* Base */ = {isa = PBXFileReference; lastKnownFileType = file.storyboard; name = Base; path = Base.lproj/LaunchScreen.storyboard; sourceTree = "<group>"; };
		41D127EA29F008F000B5B7C0 /* Info.plist */ = {isa = PBXFileReference; lastKnownFileType = text.plist.xml; path = Info.plist; sourceTree = "<group>"; };
		41D1281329F00B1700B5B7C0 /* HomeScreen.swift */ = {isa = PBXFileReference; lastKnownFileType = sourcecode.swift; path = HomeScreen.swift; sourceTree = "<group>"; };
		41D1281629F00D4C00B5B7C0 /* UIView + Extension.swift */ = {isa = PBXFileReference; lastKnownFileType = sourcecode.swift; path = "UIView + Extension.swift"; sourceTree = "<group>"; };
		41D1281829F00E8B00B5B7C0 /* UIColor + Extension.swift */ = {isa = PBXFileReference; lastKnownFileType = sourcecode.swift; path = "UIColor + Extension.swift"; sourceTree = "<group>"; };
		41D1281A29F0229C00B5B7C0 /* HomeViewModel.swift */ = {isa = PBXFileReference; lastKnownFileType = sourcecode.swift; path = HomeViewModel.swift; sourceTree = "<group>"; };
		41D1282029F02EB600B5B7C0 /* StoryCardCollectionViewCell.swift */ = {isa = PBXFileReference; lastKnownFileType = sourcecode.swift; path = StoryCardCollectionViewCell.swift; sourceTree = "<group>"; };
		41D1282229F02F0000B5B7C0 /* StoryCardColletctionViewCellScreen.swift */ = {isa = PBXFileReference; lastKnownFileType = sourcecode.swift; path = StoryCardColletctionViewCellScreen.swift; sourceTree = "<group>"; };
		41D1282429F03C2F00B5B7C0 /* StoryCardViewModel.swift */ = {isa = PBXFileReference; lastKnownFileType = sourcecode.swift; path = StoryCardViewModel.swift; sourceTree = "<group>"; };
/* End PBXFileReference section */

/* Begin PBXFrameworksBuildPhase section */
		41D127D629F008EF00B5B7C0 /* Frameworks */ = {
			isa = PBXFrameworksBuildPhase;
			buildActionMask = 2147483647;
			files = (
			);
			runOnlyForDeploymentPostprocessing = 0;
		};
/* End PBXFrameworksBuildPhase section */

/* Begin PBXGroup section */
		41115ACD2A0542C900F6295C /* Model */ = {
			isa = PBXGroup;
			children = (
				41115ACE2A0542D700F6295C /* Stories.swift */,
			);
			path = Model;
			sourceTree = "<group>";
		};
		41115AD02A05461F00F6295C /* StoryCardCollentionViewCell */ = {
			isa = PBXGroup;
			children = (
				41D1282029F02EB600B5B7C0 /* StoryCardCollectionViewCell.swift */,
				41D1282229F02F0000B5B7C0 /* StoryCardColletctionViewCellScreen.swift */,
				41D1282429F03C2F00B5B7C0 /* StoryCardViewModel.swift */,
			);
			path = StoryCardCollentionViewCell;
			sourceTree = "<group>";
		};
		41115AD12A0546D000F6295C /* StoryCollectionViewCell */ = {
			isa = PBXGroup;
			children = (
				41115AD22A05471D00F6295C /* StoryCollectionViewCell.swift */,
				41115AD42A05474700F6295C /* StoryCollectionViewCellScreen.swift */,
			);
			path = StoryCollectionViewCell;
			sourceTree = "<group>";
		};
		41D127D029F008EF00B5B7C0 = {
			isa = PBXGroup;
			children = (
				41D127DB29F008EF00B5B7C0 /* AppMvvm */,
				41D127DA29F008EF00B5B7C0 /* Products */,
			);
			sourceTree = "<group>";
		};
		41D127DA29F008EF00B5B7C0 /* Products */ = {
			isa = PBXGroup;
			children = (
				41D127D929F008EF00B5B7C0 /* AppMvvm.app */,
			);
			name = Products;
			sourceTree = "<group>";
		};
		41D127DB29F008EF00B5B7C0 /* AppMvvm */ = {
			isa = PBXGroup;
			children = (
				41115ACD2A0542C900F6295C /* Model */,
				41D1281529F00D3600B5B7C0 /* Extension */,
				41D1281229F00AF300B5B7C0 /* HomeVC */,
				41D127DC29F008EF00B5B7C0 /* AppDelegate.swift */,
				41D127DE29F008EF00B5B7C0 /* SceneDelegate.swift */,
				41D127E529F008F000B5B7C0 /* Assets.xcassets */,
				41D127E729F008F000B5B7C0 /* LaunchScreen.storyboard */,
				41D127EA29F008F000B5B7C0 /* Info.plist */,
			);
			path = AppMvvm;
			sourceTree = "<group>";
		};
		41D1281229F00AF300B5B7C0 /* HomeVC */ = {
			isa = PBXGroup;
			children = (
				41D1281C29F02DFD00B5B7C0 /* Cell */,
				41D1281329F00B1700B5B7C0 /* HomeScreen.swift */,
				41D127E029F008EF00B5B7C0 /* HomeViewController.swift */,
				41D1281A29F0229C00B5B7C0 /* HomeViewModel.swift */,
			);
			path = HomeVC;
			sourceTree = "<group>";
		};
		41D1281529F00D3600B5B7C0 /* Extension */ = {
			isa = PBXGroup;
			children = (
				41D1281629F00D4C00B5B7C0 /* UIView + Extension.swift */,
				41D1281829F00E8B00B5B7C0 /* UIColor + Extension.swift */,
			);
			path = Extension;
			sourceTree = "<group>";
		};
		41D1281C29F02DFD00B5B7C0 /* Cell */ = {
			isa = PBXGroup;
			children = (
				41115AD12A0546D000F6295C /* StoryCollectionViewCell */,
				41115AD02A05461F00F6295C /* StoryCardCollentionViewCell */,
			);
			path = Cell;
			sourceTree = "<group>";
		};
/* End PBXGroup section */

/* Begin PBXNativeTarget section */
		41D127D829F008EF00B5B7C0 /* AppMvvm */ = {
			isa = PBXNativeTarget;
			buildConfigurationList = 41D127ED29F008F000B5B7C0 /* Build configuration list for PBXNativeTarget "AppMvvm" */;
			buildPhases = (
				41D127D529F008EF00B5B7C0 /* Sources */,
				41D127D629F008EF00B5B7C0 /* Frameworks */,
				41D127D729F008EF00B5B7C0 /* Resources */,
			);
			buildRules = (
			);
			dependencies = (
			);
			name = AppMvvm;
			productName = AppMvvm;
			productReference = 41D127D929F008EF00B5B7C0 /* AppMvvm.app */;
			productType = "com.apple.product-type.application";
		};
/* End PBXNativeTarget section */

/* Begin PBXProject section */
		41D127D129F008EF00B5B7C0 /* Project object */ = {
			isa = PBXProject;
			attributes = {
				BuildIndependentTargetsInParallel = 1;
				LastSwiftUpdateCheck = 1420;
				LastUpgradeCheck = 1420;
				TargetAttributes = {
					41D127D829F008EF00B5B7C0 = {
						CreatedOnToolsVersion = 14.2;
					};
				};
			};
			buildConfigurationList = 41D127D429F008EF00B5B7C0 /* Build configuration list for PBXProject "AppMvvm" */;
			compatibilityVersion = "Xcode 14.0";
			developmentRegion = en;
			hasScannedForEncodings = 0;
			knownRegions = (
				en,
				Base,
			);
			mainGroup = 41D127D029F008EF00B5B7C0;
			productRefGroup = 41D127DA29F008EF00B5B7C0 /* Products */;
			projectDirPath = "";
			projectRoot = "";
			targets = (
				41D127D829F008EF00B5B7C0 /* AppMvvm */,
			);
		};
/* End PBXProject section */

/* Begin PBXResourcesBuildPhase section */
		41D127D729F008EF00B5B7C0 /* Resources */ = {
			isa = PBXResourcesBuildPhase;
			buildActionMask = 2147483647;
			files = (
				41D127E929F008F000B5B7C0 /* LaunchScreen.storyboard in Resources */,
				41D127E629F008F000B5B7C0 /* Assets.xcassets in Resources */,
			);
			runOnlyForDeploymentPostprocessing = 0;
		};
/* End PBXResourcesBuildPhase section */

/* Begin PBXSourcesBuildPhase section */
		41D127D529F008EF00B5B7C0 /* Sources */ = {
			isa = PBXSourcesBuildPhase;
			buildActionMask = 2147483647;
			files = (
				41D1281429F00B1700B5B7C0 /* HomeScreen.swift in Sources */,
				41115AD52A05474700F6295C /* StoryCollectionViewCellScreen.swift in Sources */,
				41D1282329F02F0000B5B7C0 /* StoryCardColletctionViewCellScreen.swift in Sources */,
				41D127E129F008EF00B5B7C0 /* HomeViewController.swift in Sources */,
				41D1282129F02EB600B5B7C0 /* StoryCardCollectionViewCell.swift in Sources */,
				41115AD32A05471D00F6295C /* StoryCollectionViewCell.swift in Sources */,
				41D1282529F03C2F00B5B7C0 /* StoryCardViewModel.swift in Sources */,
				41115ACF2A0542D700F6295C /* Stories.swift in Sources */,
				41D1281B29F0229C00B5B7C0 /* HomeViewModel.swift in Sources */,
				41D127DD29F008EF00B5B7C0 /* AppDelegate.swift in Sources */,
				41D1281929F00E8B00B5B7C0 /* UIColor + Extension.swift in Sources */,
				41D1281729F00D4C00B5B7C0 /* UIView + Extension.swift in Sources */,
				41D127DF29F008EF00B5B7C0 /* SceneDelegate.swift in Sources */,
			);
			runOnlyForDeploymentPostprocessing = 0;
		};
/* End PBXSourcesBuildPhase section */

/* Begin PBXVariantGroup section */
		41D127E729F008F000B5B7C0 /* LaunchScreen.storyboard */ = {
			isa = PBXVariantGroup;
			children = (
				41D127E829F008F000B5B7C0 /* Base */,
			);
			name = LaunchScreen.storyboard;
			sourceTree = "<group>";
		};
/* End PBXVariantGroup section */

/* Begin XCBuildConfiguration section */
		41D127EB29F008F000B5B7C0 /* Debug */ = {
			isa = XCBuildConfiguration;
			buildSettings = {
				ALWAYS_SEARCH_USER_PATHS = NO;
				CLANG_ANALYZER_NONNULL = YES;
				CLANG_ANALYZER_NUMBER_OBJECT_CONVERSION = YES_AGGRESSIVE;
				CLANG_CXX_LANGUAGE_STANDARD = "gnu++20";
				CLANG_ENABLE_MODULES = YES;
				CLANG_ENABLE_OBJC_ARC = YES;
				CLANG_ENABLE_OBJC_WEAK = YES;
				CLANG_WARN_BLOCK_CAPTURE_AUTORELEASING = YES;
				CLANG_WARN_BOOL_CONVERSION = YES;
				CLANG_WARN_COMMA = YES;
				CLANG_WARN_CONSTANT_CONVERSION = YES;
				CLANG_WARN_DEPRECATED_OBJC_IMPLEMENTATIONS = YES;
				CLANG_WARN_DIRECT_OBJC_ISA_USAGE = YES_ERROR;
				CLANG_WARN_DOCUMENTATION_COMMENTS = YES;
				CLANG_WARN_EMPTY_BODY = YES;
				CLANG_WARN_ENUM_CONVERSION = YES;
				CLANG_WARN_INFINITE_RECURSION = YES;
				CLANG_WARN_INT_CONVERSION = YES;
				CLANG_WARN_NON_LITERAL_NULL_CONVERSION = YES;
				CLANG_WARN_OBJC_IMPLICIT_RETAIN_SELF = YES;
				CLANG_WARN_OBJC_LITERAL_CONVERSION = YES;
				CLANG_WARN_OBJC_ROOT_CLASS = YES_ERROR;
				CLANG_WARN_QUOTED_INCLUDE_IN_FRAMEWORK_HEADER = YES;
				CLANG_WARN_RANGE_LOOP_ANALYSIS = YES;
				CLANG_WARN_STRICT_PROTOTYPES = YES;
				CLANG_WARN_SUSPICIOUS_MOVE = YES;
				CLANG_WARN_UNGUARDED_AVAILABILITY = YES_AGGRESSIVE;
				CLANG_WARN_UNREACHABLE_CODE = YES;
				CLANG_WARN__DUPLICATE_METHOD_MATCH = YES;
				COPY_PHASE_STRIP = NO;
				DEBUG_INFORMATION_FORMAT = dwarf;
				ENABLE_STRICT_OBJC_MSGSEND = YES;
				ENABLE_TESTABILITY = YES;
				GCC_C_LANGUAGE_STANDARD = gnu11;
				GCC_DYNAMIC_NO_PIC = NO;
				GCC_NO_COMMON_BLOCKS = YES;
				GCC_OPTIMIZATION_LEVEL = 0;
				GCC_PREPROCESSOR_DEFINITIONS = (
					"DEBUG=1",
					"$(inherited)",
				);
				GCC_WARN_64_TO_32_BIT_CONVERSION = YES;
				GCC_WARN_ABOUT_RETURN_TYPE = YES_ERROR;
				GCC_WARN_UNDECLARED_SELECTOR = YES;
				GCC_WARN_UNINITIALIZED_AUTOS = YES_AGGRESSIVE;
				GCC_WARN_UNUSED_FUNCTION = YES;
				GCC_WARN_UNUSED_VARIABLE = YES;
				IPHONEOS_DEPLOYMENT_TARGET = 16.2;
				MTL_ENABLE_DEBUG_INFO = INCLUDE_SOURCE;
				MTL_FAST_MATH = YES;
				ONLY_ACTIVE_ARCH = YES;
				SDKROOT = iphoneos;
				SWIFT_ACTIVE_COMPILATION_CONDITIONS = DEBUG;
				SWIFT_OPTIMIZATION_LEVEL = "-Onone";
			};
			name = Debug;
		};
		41D127EC29F008F000B5B7C0 /* Release */ = {
			isa = XCBuildConfiguration;
			buildSettings = {
				ALWAYS_SEARCH_USER_PATHS = NO;
				CLANG_ANALYZER_NONNULL = YES;
				CLANG_ANALYZER_NUMBER_OBJECT_CONVERSION = YES_AGGRESSIVE;
				CLANG_CXX_LANGUAGE_STANDARD = "gnu++20";
				CLANG_ENABLE_MODULES = YES;
				CLANG_ENABLE_OBJC_ARC = YES;
				CLANG_ENABLE_OBJC_WEAK = YES;
				CLANG_WARN_BLOCK_CAPTURE_AUTORELEASING = YES;
				CLANG_WARN_BOOL_CONVERSION = YES;
				CLANG_WARN_COMMA = YES;
				CLANG_WARN_CONSTANT_CONVERSION = YES;
				CLANG_WARN_DEPRECATED_OBJC_IMPLEMENTATIONS = YES;
				CLANG_WARN_DIRECT_OBJC_ISA_USAGE = YES_ERROR;
				CLANG_WARN_DOCUMENTATION_COMMENTS = YES;
				CLANG_WARN_EMPTY_BODY = YES;
				CLANG_WARN_ENUM_CONVERSION = YES;
				CLANG_WARN_INFINITE_RECURSION = YES;
				CLANG_WARN_INT_CONVERSION = YES;
				CLANG_WARN_NON_LITERAL_NULL_CONVERSION = YES;
				CLANG_WARN_OBJC_IMPLICIT_RETAIN_SELF = YES;
				CLANG_WARN_OBJC_LITERAL_CONVERSION = YES;
				CLANG_WARN_OBJC_ROOT_CLASS = YES_ERROR;
				CLANG_WARN_QUOTED_INCLUDE_IN_FRAMEWORK_HEADER = YES;
				CLANG_WARN_RANGE_LOOP_ANALYSIS = YES;
				CLANG_WARN_STRICT_PROTOTYPES = YES;
				CLANG_WARN_SUSPICIOUS_MOVE = YES;
				CLANG_WARN_UNGUARDED_AVAILABILITY = YES_AGGRESSIVE;
				CLANG_WARN_UNREACHABLE_CODE = YES;
				CLANG_WARN__DUPLICATE_METHOD_MATCH = YES;
				COPY_PHASE_STRIP = NO;
				DEBUG_INFORMATION_FORMAT = "dwarf-with-dsym";
				ENABLE_NS_ASSERTIONS = NO;
				ENABLE_STRICT_OBJC_MSGSEND = YES;
				GCC_C_LANGUAGE_STANDARD = gnu11;
				GCC_NO_COMMON_BLOCKS = YES;
				GCC_WARN_64_TO_32_BIT_CONVERSION = YES;
				GCC_WARN_ABOUT_RETURN_TYPE = YES_ERROR;
				GCC_WARN_UNDECLARED_SELECTOR = YES;
				GCC_WARN_UNINITIALIZED_AUTOS = YES_AGGRESSIVE;
				GCC_WARN_UNUSED_FUNCTION = YES;
				GCC_WARN_UNUSED_VARIABLE = YES;
				IPHONEOS_DEPLOYMENT_TARGET = 16.2;
				MTL_ENABLE_DEBUG_INFO = NO;
				MTL_FAST_MATH = YES;
				SDKROOT = iphoneos;
				SWIFT_COMPILATION_MODE = wholemodule;
				SWIFT_OPTIMIZATION_LEVEL = "-O";
				VALIDATE_PRODUCT = YES;
			};
			name = Release;
		};
		41D127EE29F008F000B5B7C0 /* Debug */ = {
			isa = XCBuildConfiguration;
			buildSettings = {
				ASSETCATALOG_COMPILER_APPICON_NAME = AppIcon;
				ASSETCATALOG_COMPILER_GLOBAL_ACCENT_COLOR_NAME = AccentColor;
				CODE_SIGN_STYLE = Automatic;
				CURRENT_PROJECT_VERSION = 1;
				GENERATE_INFOPLIST_FILE = YES;
				INFOPLIST_FILE = AppMvvm/Info.plist;
				INFOPLIST_KEY_UIApplicationSupportsIndirectInputEvents = YES;
				INFOPLIST_KEY_UILaunchStoryboardName = LaunchScreen;
				INFOPLIST_KEY_UIMainStoryboardFile = "";
				INFOPLIST_KEY_UISupportedInterfaceOrientations_iPad = "UIInterfaceOrientationPortrait UIInterfaceOrientationPortraitUpsideDown UIInterfaceOrientationLandscapeLeft UIInterfaceOrientationLandscapeRight";
				INFOPLIST_KEY_UISupportedInterfaceOrientations_iPhone = "UIInterfaceOrientationPortrait UIInterfaceOrientationLandscapeLeft UIInterfaceOrientationLandscapeRight";
				LD_RUNPATH_SEARCH_PATHS = (
					"$(inherited)",
					"@executable_path/Frameworks",
				);
				MARKETING_VERSION = 1.0;
				PRODUCT_BUNDLE_IDENTIFIER = jadie.AppMvvm;
				PRODUCT_NAME = "$(TARGET_NAME)";
				SWIFT_EMIT_LOC_STRINGS = YES;
				SWIFT_VERSION = 5.0;
				TARGETED_DEVICE_FAMILY = "1,2";
			};
			name = Debug;
		};
		41D127EF29F008F000B5B7C0 /* Release */ = {
			isa = XCBuildConfiguration;
			buildSettings = {
				ASSETCATALOG_COMPILER_APPICON_NAME = AppIcon;
				ASSETCATALOG_COMPILER_GLOBAL_ACCENT_COLOR_NAME = AccentColor;
				CODE_SIGN_STYLE = Automatic;
				CURRENT_PROJECT_VERSION = 1;
				GENERATE_INFOPLIST_FILE = YES;
				INFOPLIST_FILE = AppMvvm/Info.plist;
				INFOPLIST_KEY_UIApplicationSupportsIndirectInputEvents = YES;
				INFOPLIST_KEY_UILaunchStoryboardName = LaunchScreen;
				INFOPLIST_KEY_UIMainStoryboardFile = "";
				INFOPLIST_KEY_UISupportedInterfaceOrientations_iPad = "UIInterfaceOrientationPortrait UIInterfaceOrientationPortraitUpsideDown UIInterfaceOrientationLandscapeLeft UIInterfaceOrientationLandscapeRight";
				INFOPLIST_KEY_UISupportedInterfaceOrientations_iPhone = "UIInterfaceOrientationPortrait UIInterfaceOrientationLandscapeLeft UIInterfaceOrientationLandscapeRight";
				LD_RUNPATH_SEARCH_PATHS = (
					"$(inherited)",
					"@executable_path/Frameworks",
				);
				MARKETING_VERSION = 1.0;
				PRODUCT_BUNDLE_IDENTIFIER = jadie.AppMvvm;
				PRODUCT_NAME = "$(TARGET_NAME)";
				SWIFT_EMIT_LOC_STRINGS = YES;
				SWIFT_VERSION = 5.0;
				TARGETED_DEVICE_FAMILY = "1,2";
			};
			name = Release;
		};
/* End XCBuildConfiguration section */

/* Begin XCConfigurationList section */
		41D127D429F008EF00B5B7C0 /* Build configuration list for PBXProject "AppMvvm" */ = {
			isa = XCConfigurationList;
			buildConfigurations = (
				41D127EB29F008F000B5B7C0 /* Debug */,
				41D127EC29F008F000B5B7C0 /* Release */,
			);
			defaultConfigurationIsVisible = 0;
			defaultConfigurationName = Release;
		};
		41D127ED29F008F000B5B7C0 /* Build configuration list for PBXNativeTarget "AppMvvm" */ = {
			isa = XCConfigurationList;
			buildConfigurations = (
				41D127EE29F008F000B5B7C0 /* Debug */,
				41D127EF29F008F000B5B7C0 /* Release */,
			);
			defaultConfigurationIsVisible = 0;
			defaultConfigurationName = Release;
		};
/* End XCConfigurationList section */
	};
	rootObject = 41D127D129F008EF00B5B7C0 /* Project object */;
}
